
Microsoft Visual Studio Solution File, Format Version 12.00
# Visual Studio Version 16
VisualStudioVersion = 16.0.30503.244
MinimumVisualStudioVersion = 10.0.40219.1
Project("{FAE04EC0-301F-11D3-BF4B-00C04F79EFBC}") = "SP.WebAppMVC", "SP.WebAppMVC\SP.WebAppMVC.csproj", "{9F3BE3A8-D998-4BB1-8207-B25938988127}"
EndProject
Project("{FAE04EC0-301F-11D3-BF4B-00C04F79EFBC}") = "SP.DataAccess", "SP.DataAccess\SP.DataAccess.csproj", "{08CC71C6-0C15-4995-BBCA-955C71B5D454}"
EndProject
Global
	GlobalSection(SolutionConfigurationPlatforms) = preSolution
		Debug|Any CPU = Debug|Any CPU
		Release|Any CPU = Release|Any CPU
	EndGlobalSection
	GlobalSection(ProjectConfigurationPlatforms) = postSolution
		{9F3BE3A8-D998-4BB1-8207-B25938988127}.Debug|Any CPU.ActiveCfg = Debug|Any CPU
		{9F3BE3A8-D998-4BB1-8207-B25938988127}.Debug|Any CPU.Build.0 = Debug|Any CPU
		{9F3BE3A8-D998-4BB1-8207-B25938988127}.Release|Any CPU.ActiveCfg = Release|Any CPU
		{9F3BE3A8-D998-4BB1-8207-B25938988127}.Release|Any CPU.Build.0 = Release|Any CPU
		{08CC71C6-0C15-4995-BBCA-955C71B5D454}.Debug|Any CPU.ActiveCfg = Debug|Any CPU
		{08CC71C6-0C15-4995-BBCA-955C71B5D454}.Debug|Any CPU.Build.0 = Debug|Any CPU
		{08CC71C6-0C15-4995-BBCA-955C71B5D454}.Release|Any CPU.ActiveCfg = Release|Any CPU
		{08CC71C6-0C15-4995-BBCA-955C71B5D454}.Release|Any CPU.Build.0 = Release|Any CPU
	EndGlobalSection
	GlobalSection(SolutionProperties) = preSolution
		HideSolutionNode = FALSE
	EndGlobalSection
	GlobalSection(ExtensibilityGlobals) = postSolution
		SolutionGuid = {8E5238BD-5EF9-490C-9C7F-F9E64F4B6973}
	EndGlobalSection
EndGlobal
